
Microsoft Visual Studio Solution File, Format Version 12.00
Project("{FAE04EC0-301F-11D3-BF4B-00C04F79EFBC}") = "ExamApp", "ExamApp\ExamApp.csproj", "{5A6A9956-4296-41E4-83EC-0417D074C22E}"
EndProject
Project("{FAE04EC0-301F-11D3-BF4B-00C04F79EFBC}") = "DomainService", "DomainService\DomainService.csproj", "{62FA1E51-0C33-4F7A-B9F8-D69F3E66843C}"
EndProject
Global
	GlobalSection(SolutionConfigurationPlatforms) = preSolution
		Debug|Any CPU = Debug|Any CPU
		Release|Any CPU = Release|Any CPU
	EndGlobalSection
	GlobalSection(ProjectConfigurationPlatforms) = postSolution
		{5A6A9956-4296-41E4-83EC-0417D074C22E}.Debug|Any CPU.ActiveCfg = Debug|Any CPU
		{5A6A9956-4296-41E4-83EC-0417D074C22E}.Debug|Any CPU.Build.0 = Debug|Any CPU
		{5A6A9956-4296-41E4-83EC-0417D074C22E}.Release|Any CPU.ActiveCfg = Release|Any CPU
		{5A6A9956-4296-41E4-83EC-0417D074C22E}.Release|Any CPU.Build.0 = Release|Any CPU
		{62FA1E51-0C33-4F7A-B9F8-D69F3E66843C}.Debug|Any CPU.ActiveCfg = Debug|Any CPU
		{62FA1E51-0C33-4F7A-B9F8-D69F3E66843C}.Debug|Any CPU.Build.0 = Debug|Any CPU
		{62FA1E51-0C33-4F7A-B9F8-D69F3E66843C}.Release|Any CPU.ActiveCfg = Release|Any CPU
		{62FA1E51-0C33-4F7A-B9F8-D69F3E66843C}.Release|Any CPU.Build.0 = Release|Any CPU
	EndGlobalSection
EndGlobal
